
Microsoft Visual Studio Solution File, Format Version 12.00
# Visual Studio 14
VisualStudioVersion = 14.0.25420.1
MinimumVisualStudioVersion = 10.0.40219.1
Project("{FAE04EC0-301F-11D3-BF4B-00C04F79EFBC}") = "BusinnesLayer", "BusinnesLayer\BusinnesLayer.csproj", "{07E9F3AE-B1B1-4CC2-AABD-FF8918FE391B}"
EndProject
Project("{FAE04EC0-301F-11D3-BF4B-00C04F79EFBC}") = "PercistenceLayer", "PercistenceLayer\PercistenceLayer.csproj", "{9B40F5EE-F89B-492F-B2D1-EB5DF64CEB59}"
EndProject
Project("{FAE04EC0-301F-11D3-BF4B-00C04F79EFBC}") = "ServicesLayer", "ServicesLayer\ServicesLayer.csproj", "{5BCDB026-8DB7-4908-AD5E-B02CF7C48B5F}"
EndProject
Project("{FAE04EC0-301F-11D3-BF4B-00C04F79EFBC}") = "PresentationLayer", "PresentationLayer\PresentationLayer.csproj", "{5DF4231A-2BBA-408C-8B8A-C71290A06E01}"
EndProject
Project("{FAE04EC0-301F-11D3-BF4B-00C04F79EFBC}") = "UnitTestProject", "UnitTestProject\UnitTestProject.csproj", "{5CB20E0A-2C0D-4434-8D19-AFFDCC428EE5}"
EndProject
Global
	GlobalSection(SolutionConfigurationPlatforms) = preSolution
		Debug|Any CPU = Debug|Any CPU
		Release|Any CPU = Release|Any CPU
	EndGlobalSection
	GlobalSection(ProjectConfigurationPlatforms) = postSolution
		{07E9F3AE-B1B1-4CC2-AABD-FF8918FE391B}.Debug|Any CPU.ActiveCfg = Debug|Any CPU
		{07E9F3AE-B1B1-4CC2-AABD-FF8918FE391B}.Debug|Any CPU.Build.0 = Debug|Any CPU
		{07E9F3AE-B1B1-4CC2-AABD-FF8918FE391B}.Release|Any CPU.ActiveCfg = Release|Any CPU
		{07E9F3AE-B1B1-4CC2-AABD-FF8918FE391B}.Release|Any CPU.Build.0 = Release|Any CPU
		{9B40F5EE-F89B-492F-B2D1-EB5DF64CEB59}.Debug|Any CPU.ActiveCfg = Debug|Any CPU
		{9B40F5EE-F89B-492F-B2D1-EB5DF64CEB59}.Debug|Any CPU.Build.0 = Debug|Any CPU
		{9B40F5EE-F89B-492F-B2D1-EB5DF64CEB59}.Release|Any CPU.ActiveCfg = Release|Any CPU
		{9B40F5EE-F89B-492F-B2D1-EB5DF64CEB59}.Release|Any CPU.Build.0 = Release|Any CPU
		{5BCDB026-8DB7-4908-AD5E-B02CF7C48B5F}.Debug|Any CPU.ActiveCfg = Debug|Any CPU
		{5BCDB026-8DB7-4908-AD5E-B02CF7C48B5F}.Debug|Any CPU.Build.0 = Debug|Any CPU
		{5BCDB026-8DB7-4908-AD5E-B02CF7C48B5F}.Release|Any CPU.ActiveCfg = Release|Any CPU
		{5BCDB026-8DB7-4908-AD5E-B02CF7C48B5F}.Release|Any CPU.Build.0 = Release|Any CPU
		{5DF4231A-2BBA-408C-8B8A-C71290A06E01}.Debug|Any CPU.ActiveCfg = Debug|Any CPU
		{5DF4231A-2BBA-408C-8B8A-C71290A06E01}.Debug|Any CPU.Build.0 = Debug|Any CPU
		{5DF4231A-2BBA-408C-8B8A-C71290A06E01}.Release|Any CPU.ActiveCfg = Release|Any CPU
		{5DF4231A-2BBA-408C-8B8A-C71290A06E01}.Release|Any CPU.Build.0 = Release|Any CPU
		{5CB20E0A-2C0D-4434-8D19-AFFDCC428EE5}.Debug|Any CPU.ActiveCfg = Debug|Any CPU
		{5CB20E0A-2C0D-4434-8D19-AFFDCC428EE5}.Debug|Any CPU.Build.0 = Debug|Any CPU
		{5CB20E0A-2C0D-4434-8D19-AFFDCC428EE5}.Release|Any CPU.ActiveCfg = Release|Any CPU
		{5CB20E0A-2C0D-4434-8D19-AFFDCC428EE5}.Release|Any CPU.Build.0 = Release|Any CPU
	EndGlobalSection
	GlobalSection(SolutionProperties) = preSolution
		HideSolutionNode = FALSE
	EndGlobalSection
EndGlobal
